// !$*UTF8*$!
{
	archiveVersion = 1;
	classes = {
	};
	objectVersion = 55;
	objects = {

/* Begin PBXBuildFile section */
		136C53E02881D6B100226FF2 /* AppDelegate.swift in Sources */ = {isa = PBXBuildFile; fileRef = 136C53DF2881D6B100226FF2 /* AppDelegate.swift */; };
		136C53E22881D6B100226FF2 /* SceneDelegate.swift in Sources */ = {isa = PBXBuildFile; fileRef = 136C53E12881D6B100226FF2 /* SceneDelegate.swift */; };
		136C53E42881D6B100226FF2 /* ViewController.swift in Sources */ = {isa = PBXBuildFile; fileRef = 136C53E32881D6B100226FF2 /* ViewController.swift */; };
		136C53E72881D6B100226FF2 /* Main.storyboard in Resources */ = {isa = PBXBuildFile; fileRef = 136C53E52881D6B100226FF2 /* Main.storyboard */; };
		136C53E92881D6B200226FF2 /* Assets.xcassets in Resources */ = {isa = PBXBuildFile; fileRef = 136C53E82881D6B200226FF2 /* Assets.xcassets */; };
		136C53EC2881D6B200226FF2 /* LaunchScreen.storyboard in Resources */ = {isa = PBXBuildFile; fileRef = 136C53EA2881D6B200226FF2 /* LaunchScreen.storyboard */; };
		136C53F52881D7E300226FF2 /* afghanistan.jpg in Resources */ = {isa = PBXBuildFile; fileRef = 136C53F42881D7E300226FF2 /* afghanistan.jpg */; };
		136C53F72881D83400226FF2 /* argentina.jpg in Resources */ = {isa = PBXBuildFile; fileRef = 136C53F62881D83400226FF2 /* argentina.jpg */; };
		136C53F92881D88C00226FF2 /* brazil.jpg in Resources */ = {isa = PBXBuildFile; fileRef = 136C53F82881D88C00226FF2 /* brazil.jpg */; };
		136C53FB2881DCFB00226FF2 /* DetailViewController.swift in Sources */ = {isa = PBXBuildFile; fileRef = 136C53FA2881DCFB00226FF2 /* DetailViewController.swift */; };
/* End PBXBuildFile section */

/* Begin PBXFileReference section */
		136C53DC2881D6B100226FF2 /* MilestoneProject1HackingWithSwift.app */ = {isa = PBXFileReference; explicitFileType = wrapper.application; includeInIndex = 0; path = MilestoneProject1HackingWithSwift.app; sourceTree = BUILT_PRODUCTS_DIR; };
		136C53DF2881D6B100226FF2 /* AppDelegate.swift */ = {isa = PBXFileReference; lastKnownFileType = sourcecode.swift; path = AppDelegate.swift; sourceTree = "<group>"; };
		136C53E12881D6B100226FF2 /* SceneDelegate.swift */ = {isa = PBXFileReference; lastKnownFileType = sourcecode.swift; path = SceneDelegate.swift; sourceTree = "<group>"; };
		136C53E32881D6B100226FF2 /* ViewController.swift */ = {isa = PBXFileReference; lastKnownFileType = sourcecode.swift; path = ViewController.swift; sourceTree = "<group>"; };
		136C53E62881D6B100226FF2 /* Base */ = {isa = PBXFileReference; lastKnownFileType = file.storyboard; name = Base; path = Base.lproj/Main.storyboard; sourceTree = "<group>"; };
		136C53E82881D6B200226FF2 /* Assets.xcassets */ = {isa = PBXFileReference; lastKnownFileType = folder.assetcatalog; path = Assets.xcassets; sourceTree = "<group>"; };
		136C53EB2881D6B200226FF2 /* Base */ = {isa = PBXFileReference; lastKnownFileType = file.storyboard; name = Base; path = Base.lproj/LaunchScreen.storyboard; sourceTree = "<group>"; };
		136C53ED2881D6B200226FF2 /* Info.plist */ = {isa = PBXFileReference; lastKnownFileType = text.plist.xml; path = Info.plist; sourceTree = "<group>"; };
		136C53F42881D7E300226FF2 /* afghanistan.jpg */ = {isa = PBXFileReference; lastKnownFileType = image.jpeg; path = afghanistan.jpg; sourceTree = "<group>"; };
		136C53F62881D83400226FF2 /* argentina.jpg */ = {isa = PBXFileReference; lastKnownFileType = image.jpeg; path = argentina.jpg; sourceTree = "<group>"; };
		136C53F82881D88C00226FF2 /* brazil.jpg */ = {isa = PBXFileReference; lastKnownFileType = image.jpeg; path = brazil.jpg; sourceTree = "<group>"; };
		136C53FA2881DCFB00226FF2 /* DetailViewController.swift */ = {isa = PBXFileReference; lastKnownFileType = sourcecode.swift; path = DetailViewController.swift; sourceTree = "<group>"; };
/* End PBXFileReference section */

/* Begin PBXFrameworksBuildPhase section */
		136C53D92881D6B100226FF2 /* Frameworks */ = {
			isa = PBXFrameworksBuildPhase;
			buildActionMask = 2147483647;
			files = (
			);
			runOnlyForDeploymentPostprocessing = 0;
		};
/* End PBXFrameworksBuildPhase section */

/* Begin PBXGroup section */
		136C53D32881D6B100226FF2 = {
			isa = PBXGroup;
			children = (
				136C53DE2881D6B100226FF2 /* MilestoneProject1HackingWithSwift */,
				136C53DD2881D6B100226FF2 /* Products */,
			);
			sourceTree = "<group>";
		};
		136C53DD2881D6B100226FF2 /* Products */ = {
			isa = PBXGroup;
			children = (
				136C53DC2881D6B100226FF2 /* MilestoneProject1HackingWithSwift.app */,
			);
			name = Products;
			sourceTree = "<group>";
		};
		136C53DE2881D6B100226FF2 /* MilestoneProject1HackingWithSwift */ = {
			isa = PBXGroup;
			children = (
				136C53F32881D78900226FF2 /* Contents */,
				136C53DF2881D6B100226FF2 /* AppDelegate.swift */,
				136C53E12881D6B100226FF2 /* SceneDelegate.swift */,
				136C53E32881D6B100226FF2 /* ViewController.swift */,
				136C53FA2881DCFB00226FF2 /* DetailViewController.swift */,
				136C53E52881D6B100226FF2 /* Main.storyboard */,
				136C53E82881D6B200226FF2 /* Assets.xcassets */,
				136C53EA2881D6B200226FF2 /* LaunchScreen.storyboard */,
				136C53ED2881D6B200226FF2 /* Info.plist */,
			);
			path = MilestoneProject1HackingWithSwift;
			sourceTree = "<group>";
		};
		136C53F32881D78900226FF2 /* Contents */ = {
			isa = PBXGroup;
			children = (
				136C53F42881D7E300226FF2 /* afghanistan.jpg */,
				136C53F62881D83400226FF2 /* argentina.jpg */,
				136C53F82881D88C00226FF2 /* brazil.jpg */,
			);
			path = Contents;
			sourceTree = "<group>";
		};
/* End PBXGroup section */

/* Begin PBXNativeTarget section */
		136C53DB2881D6B100226FF2 /* MilestoneProject1HackingWithSwift */ = {
			isa = PBXNativeTarget;
			buildConfigurationList = 136C53F02881D6B200226FF2 /* Build configuration list for PBXNativeTarget "MilestoneProject1HackingWithSwift" */;
			buildPhases = (
				136C53D82881D6B100226FF2 /* Sources */,
				136C53D92881D6B100226FF2 /* Frameworks */,
				136C53DA2881D6B100226FF2 /* Resources */,
			);
			buildRules = (
			);
			dependencies = (
			);
			name = MilestoneProject1HackingWithSwift;
			productName = MilestoneProject1HackingWithSwift;
			productReference = 136C53DC2881D6B100226FF2 /* MilestoneProject1HackingWithSwift.app */;
			productType = "com.apple.product-type.application";
		};
/* End PBXNativeTarget section */

/* Begin PBXProject section */
		136C53D42881D6B100226FF2 /* Project object */ = {
			isa = PBXProject;
			attributes = {
				BuildIndependentTargetsInParallel = 1;
				LastSwiftUpdateCheck = 1340;
				LastUpgradeCheck = 1340;
				TargetAttributes = {
					136C53DB2881D6B100226FF2 = {
						CreatedOnToolsVersion = 13.4.1;
					};
				};
			};
			buildConfigurationList = 136C53D72881D6B100226FF2 /* Build configuration list for PBXProject "MilestoneProject1HackingWithSwift" */;
			compatibilityVersion = "Xcode 13.0";
			developmentRegion = en;
			hasScannedForEncodings = 0;
			knownRegions = (
				en,
				Base,
			);
			mainGroup = 136C53D32881D6B100226FF2;
			productRefGroup = 136C53DD2881D6B100226FF2 /* Products */;
			projectDirPath = "";
			projectRoot = "";
			targets = (
				136C53DB2881D6B100226FF2 /* MilestoneProject1HackingWithSwift */,
			);
		};
/* End PBXProject section */

/* Begin PBXResourcesBuildPhase section */
		136C53DA2881D6B100226FF2 /* Resources */ = {
			isa = PBXResourcesBuildPhase;
			buildActionMask = 2147483647;
			files = (
				136C53EC2881D6B200226FF2 /* LaunchScreen.storyboard in Resources */,
				136C53F92881D88C00226FF2 /* brazil.jpg in Resources */,
				136C53E92881D6B200226FF2 /* Assets.xcassets in Resources */,
				136C53F72881D83400226FF2 /* argentina.jpg in Resources */,
				136C53F52881D7E300226FF2 /* afghanistan.jpg in Resources */,
				136C53E72881D6B100226FF2 /* Main.storyboard in Resources */,
			);
			runOnlyForDeploymentPostprocessing = 0;
		};
/* End PBXResourcesBuildPhase section */

/* Begin PBXSourcesBuildPhase section */
		136C53D82881D6B100226FF2 /* Sources */ = {
			isa = PBXSourcesBuildPhase;
			buildActionMask = 2147483647;
			files = (
				136C53E42881D6B100226FF2 /* ViewController.swift in Sources */,
				136C53E02881D6B100226FF2 /* AppDelegate.swift in Sources */,
				136C53E22881D6B100226FF2 /* SceneDelegate.swift in Sources */,
				136C53FB2881DCFB00226FF2 /* DetailViewController.swift in Sources */,
			);
			runOnlyForDeploymentPostprocessing = 0;
		};
/* End PBXSourcesBuildPhase section */

/* Begin PBXVariantGroup section */
		136C53E52881D6B100226FF2 /* Main.storyboard */ = {
			isa = PBXVariantGroup;
			children = (
				136C53E62881D6B100226FF2 /* Base */,
			);
			name = Main.storyboard;
			sourceTree = "<group>";
		};
		136C53EA2881D6B200226FF2 /* LaunchScreen.storyboard */ = {
			isa = PBXVariantGroup;
			children = (
				136C53EB2881D6B200226FF2 /* Base */,
			);
			name = LaunchScreen.storyboard;
			sourceTree = "<group>";
		};
/* End PBXVariantGroup section */

/* Begin XCBuildConfiguration section */
		136C53EE2881D6B200226FF2 /* Debug */ = {
			isa = XCBuildConfiguration;
			buildSettings = {
				ALWAYS_SEARCH_USER_PATHS = NO;
				CLANG_ANALYZER_NONNULL = YES;
				CLANG_ANALYZER_NUMBER_OBJECT_CONVERSION = YES_AGGRESSIVE;
				CLANG_CXX_LANGUAGE_STANDARD = "gnu++17";
				CLANG_ENABLE_MODULES = YES;
				CLANG_ENABLE_OBJC_ARC = YES;
				CLANG_ENABLE_OBJC_WEAK = YES;
				CLANG_WARN_BLOCK_CAPTURE_AUTORELEASING = YES;
				CLANG_WARN_BOOL_CONVERSION = YES;
				CLANG_WARN_COMMA = YES;
				CLANG_WARN_CONSTANT_CONVERSION = YES;
				CLANG_WARN_DEPRECATED_OBJC_IMPLEMENTATIONS = YES;
				CLANG_WARN_DIRECT_OBJC_ISA_USAGE = YES_ERROR;
				CLANG_WARN_DOCUMENTATION_COMMENTS = YES;
				CLANG_WARN_EMPTY_BODY = YES;
				CLANG_WARN_ENUM_CONVERSION = YES;
				CLANG_WARN_INFINITE_RECURSION = YES;
				CLANG_WARN_INT_CONVERSION = YES;
				CLANG_WARN_NON_LITERAL_NULL_CONVERSION = YES;
				CLANG_WARN_OBJC_IMPLICIT_RETAIN_SELF = YES;
				CLANG_WARN_OBJC_LITERAL_CONVERSION = YES;
				CLANG_WARN_OBJC_ROOT_CLASS = YES_ERROR;
				CLANG_WARN_QUOTED_INCLUDE_IN_FRAMEWORK_HEADER = YES;
				CLANG_WARN_RANGE_LOOP_ANALYSIS = YES;
				CLANG_WARN_STRICT_PROTOTYPES = YES;
				CLANG_WARN_SUSPICIOUS_MOVE = YES;
				CLANG_WARN_UNGUARDED_AVAILABILITY = YES_AGGRESSIVE;
				CLANG_WARN_UNREACHABLE_CODE = YES;
				CLANG_WARN__DUPLICATE_METHOD_MATCH = YES;
				COPY_PHASE_STRIP = NO;
				DEBUG_INFORMATION_FORMAT = dwarf;
				ENABLE_STRICT_OBJC_MSGSEND = YES;
				ENABLE_TESTABILITY = YES;
				GCC_C_LANGUAGE_STANDARD = gnu11;
				GCC_DYNAMIC_NO_PIC = NO;
				GCC_NO_COMMON_BLOCKS = YES;
				GCC_OPTIMIZATION_LEVEL = 0;
				GCC_PREPROCESSOR_DEFINITIONS = (
					"DEBUG=1",
					"$(inherited)",
				);
				GCC_WARN_64_TO_32_BIT_CONVERSION = YES;
				GCC_WARN_ABOUT_RETURN_TYPE = YES_ERROR;
				GCC_WARN_UNDECLARED_SELECTOR = YES;
				GCC_WARN_UNINITIALIZED_AUTOS = YES_AGGRESSIVE;
				GCC_WARN_UNUSED_FUNCTION = YES;
				GCC_WARN_UNUSED_VARIABLE = YES;
				IPHONEOS_DEPLOYMENT_TARGET = 15.5;
				MTL_ENABLE_DEBUG_INFO = INCLUDE_SOURCE;
				MTL_FAST_MATH = YES;
				ONLY_ACTIVE_ARCH = YES;
				SDKROOT = iphoneos;
				SWIFT_ACTIVE_COMPILATION_CONDITIONS = DEBUG;
				SWIFT_OPTIMIZATION_LEVEL = "-Onone";
			};
			name = Debug;
		};
		136C53EF2881D6B200226FF2 /* Release */ = {
			isa = XCBuildConfiguration;
			buildSettings = {
				ALWAYS_SEARCH_USER_PATHS = NO;
				CLANG_ANALYZER_NONNULL = YES;
				CLANG_ANALYZER_NUMBER_OBJECT_CONVERSION = YES_AGGRESSIVE;
				CLANG_CXX_LANGUAGE_STANDARD = "gnu++17";
				CLANG_ENABLE_MODULES = YES;
				CLANG_ENABLE_OBJC_ARC = YES;
				CLANG_ENABLE_OBJC_WEAK = YES;
				CLANG_WARN_BLOCK_CAPTURE_AUTORELEASING = YES;
				CLANG_WARN_BOOL_CONVERSION = YES;
				CLANG_WARN_COMMA = YES;
				CLANG_WARN_CONSTANT_CONVERSION = YES;
				CLANG_WARN_DEPRECATED_OBJC_IMPLEMENTATIONS = YES;
				CLANG_WARN_DIRECT_OBJC_ISA_USAGE = YES_ERROR;
				CLANG_WARN_DOCUMENTATION_COMMENTS = YES;
				CLANG_WARN_EMPTY_BODY = YES;
				CLANG_WARN_ENUM_CONVERSION = YES;
				CLANG_WARN_INFINITE_RECURSION = YES;
				CLANG_WARN_INT_CONVERSION = YES;
				CLANG_WARN_NON_LITERAL_NULL_CONVERSION = YES;
				CLANG_WARN_OBJC_IMPLICIT_RETAIN_SELF = YES;
				CLANG_WARN_OBJC_LITERAL_CONVERSION = YES;
				CLANG_WARN_OBJC_ROOT_CLASS = YES_ERROR;
				CLANG_WARN_QUOTED_INCLUDE_IN_FRAMEWORK_HEADER = YES;
				CLANG_WARN_RANGE_LOOP_ANALYSIS = YES;
				CLANG_WARN_STRICT_PROTOTYPES = YES;
				CLANG_WARN_SUSPICIOUS_MOVE = YES;
				CLANG_WARN_UNGUARDED_AVAILABILITY = YES_AGGRESSIVE;
				CLANG_WARN_UNREACHABLE_CODE = YES;
				CLANG_WARN__DUPLICATE_METHOD_MATCH = YES;
				COPY_PHASE_STRIP = NO;
				DEBUG_INFORMATION_FORMAT = "dwarf-with-dsym";
				ENABLE_NS_ASSERTIONS = NO;
				ENABLE_STRICT_OBJC_MSGSEND = YES;
				GCC_C_LANGUAGE_STANDARD = gnu11;
				GCC_NO_COMMON_BLOCKS = YES;
				GCC_WARN_64_TO_32_BIT_CONVERSION = YES;
				GCC_WARN_ABOUT_RETURN_TYPE = YES_ERROR;
				GCC_WARN_UNDECLARED_SELECTOR = YES;
				GCC_WARN_UNINITIALIZED_AUTOS = YES_AGGRESSIVE;
				GCC_WARN_UNUSED_FUNCTION = YES;
				GCC_WARN_UNUSED_VARIABLE = YES;
				IPHONEOS_DEPLOYMENT_TARGET = 15.5;
				MTL_ENABLE_DEBUG_INFO = NO;
				MTL_FAST_MATH = YES;
				SDKROOT = iphoneos;
				SWIFT_COMPILATION_MODE = wholemodule;
				SWIFT_OPTIMIZATION_LEVEL = "-O";
				VALIDATE_PRODUCT = YES;
			};
			name = Release;
		};
		136C53F12881D6B200226FF2 /* Debug */ = {
			isa = XCBuildConfiguration;
			buildSettings = {
				ASSETCATALOG_COMPILER_APPICON_NAME = AppIcon;
				ASSETCATALOG_COMPILER_GLOBAL_ACCENT_COLOR_NAME = AccentColor;
				CODE_SIGN_STYLE = Automatic;
				CURRENT_PROJECT_VERSION = 1;
				DEVELOPMENT_TEAM = 9D4R4SJU6T;
				GENERATE_INFOPLIST_FILE = YES;
				INFOPLIST_FILE = MilestoneProject1HackingWithSwift/Info.plist;
				INFOPLIST_KEY_UIApplicationSupportsIndirectInputEvents = YES;
				INFOPLIST_KEY_UILaunchStoryboardName = LaunchScreen;
				INFOPLIST_KEY_UIMainStoryboardFile = Main;
				INFOPLIST_KEY_UISupportedInterfaceOrientations_iPad = "UIInterfaceOrientationPortrait UIInterfaceOrientationPortraitUpsideDown UIInterfaceOrientationLandscapeLeft UIInterfaceOrientationLandscapeRight";
				INFOPLIST_KEY_UISupportedInterfaceOrientations_iPhone = "UIInterfaceOrientationPortrait UIInterfaceOrientationLandscapeLeft UIInterfaceOrientationLandscapeRight";
				LD_RUNPATH_SEARCH_PATHS = (
					"$(inherited)",
					"@executable_path/Frameworks",
				);
				MARKETING_VERSION = 1.0;
				PRODUCT_BUNDLE_IDENTIFIER = "Pedro-Ivo-Aquino.MilestoneProject1HackingWithSwift";
				PRODUCT_NAME = "$(TARGET_NAME)";
				SWIFT_EMIT_LOC_STRINGS = YES;
				SWIFT_VERSION = 5.0;
				TARGETED_DEVICE_FAMILY = "1,2";
			};
			name = Debug;
		};
		136C53F22881D6B200226FF2 /* Release */ = {
			isa = XCBuildConfiguration;
			buildSettings = {
				ASSETCATALOG_COMPILER_APPICON_NAME = AppIcon;
				ASSETCATALOG_COMPILER_GLOBAL_ACCENT_COLOR_NAME = AccentColor;
				CODE_SIGN_STYLE = Automatic;
				CURRENT_PROJECT_VERSION = 1;
				DEVELOPMENT_TEAM = 9D4R4SJU6T;
				GENERATE_INFOPLIST_FILE = YES;
				INFOPLIST_FILE = MilestoneProject1HackingWithSwift/Info.plist;
				INFOPLIST_KEY_UIApplicationSupportsIndirectInputEvents = YES;
				INFOPLIST_KEY_UILaunchStoryboardName = LaunchScreen;
				INFOPLIST_KEY_UIMainStoryboardFile = Main;
				INFOPLIST_KEY_UISupportedInterfaceOrientations_iPad = "UIInterfaceOrientationPortrait UIInterfaceOrientationPortraitUpsideDown UIInterfaceOrientationLandscapeLeft UIInterfaceOrientationLandscapeRight";
				INFOPLIST_KEY_UISupportedInterfaceOrientations_iPhone = "UIInterfaceOrientationPortrait UIInterfaceOrientationLandscapeLeft UIInterfaceOrientationLandscapeRight";
				LD_RUNPATH_SEARCH_PATHS = (
					"$(inherited)",
					"@executable_path/Frameworks",
				);
				MARKETING_VERSION = 1.0;
				PRODUCT_BUNDLE_IDENTIFIER = "Pedro-Ivo-Aquino.MilestoneProject1HackingWithSwift";
				PRODUCT_NAME = "$(TARGET_NAME)";
				SWIFT_EMIT_LOC_STRINGS = YES;
				SWIFT_VERSION = 5.0;
				TARGETED_DEVICE_FAMILY = "1,2";
			};
			name = Release;
		};
/* End XCBuildConfiguration section */

/* Begin XCConfigurationList section */
		136C53D72881D6B100226FF2 /* Build configuration list for PBXProject "MilestoneProject1HackingWithSwift" */ = {
			isa = XCConfigurationList;
			buildConfigurations = (
				136C53EE2881D6B200226FF2 /* Debug */,
				136C53EF2881D6B200226FF2 /* Release */,
			);
			defaultConfigurationIsVisible = 0;
			defaultConfigurationName = Release;
		};
		136C53F02881D6B200226FF2 /* Build configuration list for PBXNativeTarget "MilestoneProject1HackingWithSwift" */ = {
			isa = XCConfigurationList;
			buildConfigurations = (
				136C53F12881D6B200226FF2 /* Debug */,
				136C53F22881D6B200226FF2 /* Release */,
			);
			defaultConfigurationIsVisible = 0;
			defaultConfigurationName = Release;
		};
/* End XCConfigurationList section */
	};
	rootObject = 136C53D42881D6B100226FF2 /* Project object */;
}
